
Microsoft Visual Studio Solution File, Format Version 12.00
# Visual Studio 15
VisualStudioVersion = 15.0.26403.7
MinimumVisualStudioVersion = 10.0.40219.1
Project("{2150E333-8FDC-42A3-9474-1A3956D46DE8}") = "sqlog", "sqlog", "{5D200E68-BED3-47E7-A88F-C335C1D35E11}"
EndProject
Project("{2150E333-8FDC-42A3-9474-1A3956D46DE8}") = "sqcommon", "sqcommon", "{98B7AE79-2DB4-4551-BD4C-1EC3A988C99B}"
EndProject
Project("{2150E333-8FDC-42A3-9474-1A3956D46DE8}") = "sqthird", "sqthird", "{89B9696A-EA1B-4E30-93D2-1B2B66CB08CD}"
EndProject
Project("{8BC9CEB8-8B4A-11D0-8D11-00A0C91BC942}") = "sqwin", "vcproj\sqwin.vcxproj", "{ED29E9B1-1EF3-4D66-B339-9AD2B63E0B2D}"
EndProject
Project("{8BC9CEB8-8B4A-11D0-8D11-00A0C91BC942}") = "sqdb", "vcproj\sqdb.vcxproj", "{7353768E-294A-4E93-8A13-9D5B6463713F}"
EndProject
Project("{8BC9CEB8-8B4A-11D0-8D11-00A0C91BC942}") = "sqlog", "vcproj\sqlog.vcxproj", "{28FD3C4E-78BD-4BDA-B564-EE77659601E8}"
	ProjectSection(ProjectDependencies) = postProject
		{36A55807-50A6-40F4-A0F6-180A72AE9B26} = {36A55807-50A6-40F4-A0F6-180A72AE9B26}
	EndProjectSection
EndProject
Project("{8BC9CEB8-8B4A-11D0-8D11-00A0C91BC942}") = "sqminiloger", "vcproj\sqminiloger.vcxproj", "{36A55807-50A6-40F4-A0F6-180A72AE9B26}"
EndProject
Project("{8BC9CEB8-8B4A-11D0-8D11-00A0C91BC942}") = "sqnet", "vcproj\sqnet.vcxproj", "{B5124064-8952-4F93-AE7C-3C8B20F5054A}"
EndProject
Project("{8BC9CEB8-8B4A-11D0-8D11-00A0C91BC942}") = "sqsafe", "vcproj\sqsafe.vcxproj", "{F4035BBB-6F1B-4CBB-BBE7-C00DD007DDFF}"
EndProject
Project("{8BC9CEB8-8B4A-11D0-8D11-00A0C91BC942}") = "sqstd", "vcproj\sqstd.vcxproj", "{81109685-6302-4604-9464-575480E4A52A}"
EndProject
Project("{8BC9CEB8-8B4A-11D0-8D11-00A0C91BC942}") = "codec", "vcproj\third\codec.vcxproj", "{2495E019-6DE7-491B-ACDA-2A0EE7487E5B}"
EndProject
Project("{8BC9CEB8-8B4A-11D0-8D11-00A0C91BC942}") = "raknet", "vcproj\third\raknet.vcxproj", "{0765F1AD-0FBB-46E2-BDD2-391F2FB5E3AF}"
EndProject
Project("{8BC9CEB8-8B4A-11D0-8D11-00A0C91BC942}") = "libcef_dll_wrapper", "vcproj\third\libcef_dll_wrapper.vcxproj", "{2EEF2066-A9FA-3EBD-9242-0A4CDDAC1767}"
EndProject
Project("{8BC9CEB8-8B4A-11D0-8D11-00A0C91BC942}") = "cefclient", "vcproj\third\cefclient.vcxproj", "{DD3A25C0-04B6-3330-93BD-F154C88453B9}"
EndProject
Global
	GlobalSection(SolutionConfigurationPlatforms) = preSolution
		v141_lib_md|Win32 = v141_lib_md|Win32
		v141_lib_md|x64 = v141_lib_md|x64
		v141_lib_mdd|Win32 = v141_lib_mdd|Win32
		v141_lib_mdd|x64 = v141_lib_mdd|x64
		v141_lib_mt|Win32 = v141_lib_mt|Win32
		v141_lib_mt|x64 = v141_lib_mt|x64
		v141_lib_mtd|Win32 = v141_lib_mtd|Win32
		v141_lib_mtd|x64 = v141_lib_mtd|x64
	EndGlobalSection
	GlobalSection(ProjectConfigurationPlatforms) = postSolution
		{ED29E9B1-1EF3-4D66-B339-9AD2B63E0B2D}.v141_lib_md|Win32.ActiveCfg = v141_lib_md|Win32
		{ED29E9B1-1EF3-4D66-B339-9AD2B63E0B2D}.v141_lib_md|Win32.Build.0 = v141_lib_md|Win32
		{ED29E9B1-1EF3-4D66-B339-9AD2B63E0B2D}.v141_lib_md|x64.ActiveCfg = v141_lib_md|x64
		{ED29E9B1-1EF3-4D66-B339-9AD2B63E0B2D}.v141_lib_md|x64.Build.0 = v141_lib_md|x64
		{ED29E9B1-1EF3-4D66-B339-9AD2B63E0B2D}.v141_lib_mdd|Win32.ActiveCfg = v141_lib_mdd|Win32
		{ED29E9B1-1EF3-4D66-B339-9AD2B63E0B2D}.v141_lib_mdd|Win32.Build.0 = v141_lib_mdd|Win32
		{ED29E9B1-1EF3-4D66-B339-9AD2B63E0B2D}.v141_lib_mdd|x64.ActiveCfg = v141_lib_mdd|x64
		{ED29E9B1-1EF3-4D66-B339-9AD2B63E0B2D}.v141_lib_mdd|x64.Build.0 = v141_lib_mdd|x64
		{ED29E9B1-1EF3-4D66-B339-9AD2B63E0B2D}.v141_lib_mt|Win32.ActiveCfg = v141_lib_mt|Win32
		{ED29E9B1-1EF3-4D66-B339-9AD2B63E0B2D}.v141_lib_mt|Win32.Build.0 = v141_lib_mt|Win32
		{ED29E9B1-1EF3-4D66-B339-9AD2B63E0B2D}.v141_lib_mt|x64.ActiveCfg = v141_lib_mt|x64
		{ED29E9B1-1EF3-4D66-B339-9AD2B63E0B2D}.v141_lib_mt|x64.Build.0 = v141_lib_mt|x64
		{ED29E9B1-1EF3-4D66-B339-9AD2B63E0B2D}.v141_lib_mtd|Win32.ActiveCfg = v141_lib_mtd|Win32
		{ED29E9B1-1EF3-4D66-B339-9AD2B63E0B2D}.v141_lib_mtd|Win32.Build.0 = v141_lib_mtd|Win32
		{ED29E9B1-1EF3-4D66-B339-9AD2B63E0B2D}.v141_lib_mtd|x64.ActiveCfg = v141_lib_mtd|x64
		{ED29E9B1-1EF3-4D66-B339-9AD2B63E0B2D}.v141_lib_mtd|x64.Build.0 = v141_lib_mtd|x64
		{7353768E-294A-4E93-8A13-9D5B6463713F}.v141_lib_md|Win32.ActiveCfg = v141_lib_md|Win32
		{7353768E-294A-4E93-8A13-9D5B6463713F}.v141_lib_md|Win32.Build.0 = v141_lib_md|Win32
		{7353768E-294A-4E93-8A13-9D5B6463713F}.v141_lib_md|x64.ActiveCfg = v141_lib_md|Win32
		{7353768E-294A-4E93-8A13-9D5B6463713F}.v141_lib_mdd|Win32.ActiveCfg = v141_lib_mdd|Win32
		{7353768E-294A-4E93-8A13-9D5B6463713F}.v141_lib_mdd|Win32.Build.0 = v141_lib_mdd|Win32
		{7353768E-294A-4E93-8A13-9D5B6463713F}.v141_lib_mdd|x64.ActiveCfg = v141_lib_mdd|Win32
		{7353768E-294A-4E93-8A13-9D5B6463713F}.v141_lib_mt|Win32.ActiveCfg = v141_lib_mt|Win32
		{7353768E-294A-4E93-8A13-9D5B6463713F}.v141_lib_mt|Win32.Build.0 = v141_lib_mt|Win32
		{7353768E-294A-4E93-8A13-9D5B6463713F}.v141_lib_mt|x64.ActiveCfg = v141_lib_mt|Win32
		{7353768E-294A-4E93-8A13-9D5B6463713F}.v141_lib_mtd|Win32.ActiveCfg = v141_lib_mtd|Win32
		{7353768E-294A-4E93-8A13-9D5B6463713F}.v141_lib_mtd|Win32.Build.0 = v141_lib_mtd|Win32
		{7353768E-294A-4E93-8A13-9D5B6463713F}.v141_lib_mtd|x64.ActiveCfg = v141_lib_mtd|Win32
		{28FD3C4E-78BD-4BDA-B564-EE77659601E8}.v141_lib_md|Win32.ActiveCfg = v141_dll_md|Win32
		{28FD3C4E-78BD-4BDA-B564-EE77659601E8}.v141_lib_md|Win32.Build.0 = v141_dll_md|Win32
		{28FD3C4E-78BD-4BDA-B564-EE77659601E8}.v141_lib_md|x64.ActiveCfg = v141_lib_md|x64
		{28FD3C4E-78BD-4BDA-B564-EE77659601E8}.v141_lib_md|x64.Build.0 = v141_lib_md|x64
		{28FD3C4E-78BD-4BDA-B564-EE77659601E8}.v141_lib_mdd|Win32.ActiveCfg = v141_lib_mdd|Win32
		{28FD3C4E-78BD-4BDA-B564-EE77659601E8}.v141_lib_mdd|Win32.Build.0 = v141_lib_mdd|Win32
		{28FD3C4E-78BD-4BDA-B564-EE77659601E8}.v141_lib_mdd|x64.ActiveCfg = v141_lib_mdd|x64
		{28FD3C4E-78BD-4BDA-B564-EE77659601E8}.v141_lib_mdd|x64.Build.0 = v141_lib_mdd|x64
		{28FD3C4E-78BD-4BDA-B564-EE77659601E8}.v141_lib_mt|Win32.ActiveCfg = v141_lib_mt|Win32
		{28FD3C4E-78BD-4BDA-B564-EE77659601E8}.v141_lib_mt|Win32.Build.0 = v141_lib_mt|Win32
		{28FD3C4E-78BD-4BDA-B564-EE77659601E8}.v141_lib_mt|x64.ActiveCfg = v141_lib_mt|x64
		{28FD3C4E-78BD-4BDA-B564-EE77659601E8}.v141_lib_mt|x64.Build.0 = v141_lib_mt|x64
		{28FD3C4E-78BD-4BDA-B564-EE77659601E8}.v141_lib_mtd|Win32.ActiveCfg = v141_lib_mtd|Win32
		{28FD3C4E-78BD-4BDA-B564-EE77659601E8}.v141_lib_mtd|Win32.Build.0 = v141_lib_mtd|Win32
		{28FD3C4E-78BD-4BDA-B564-EE77659601E8}.v141_lib_mtd|x64.ActiveCfg = v141_lib_mtd|x64
		{28FD3C4E-78BD-4BDA-B564-EE77659601E8}.v141_lib_mtd|x64.Build.0 = v141_lib_mtd|x64
		{36A55807-50A6-40F4-A0F6-180A72AE9B26}.v141_lib_md|Win32.ActiveCfg = v141_lib_md|Win32
		{36A55807-50A6-40F4-A0F6-180A72AE9B26}.v141_lib_md|Win32.Build.0 = v141_lib_md|Win32
		{36A55807-50A6-40F4-A0F6-180A72AE9B26}.v141_lib_md|x64.ActiveCfg = v141_lib_md|x64
		{36A55807-50A6-40F4-A0F6-180A72AE9B26}.v141_lib_md|x64.Build.0 = v141_lib_md|x64
		{36A55807-50A6-40F4-A0F6-180A72AE9B26}.v141_lib_mdd|Win32.ActiveCfg = v141_lib_mdd|Win32
		{36A55807-50A6-40F4-A0F6-180A72AE9B26}.v141_lib_mdd|Win32.Build.0 = v141_lib_mdd|Win32
		{36A55807-50A6-40F4-A0F6-180A72AE9B26}.v141_lib_mdd|x64.ActiveCfg = v141_lib_mdd|x64
		{36A55807-50A6-40F4-A0F6-180A72AE9B26}.v141_lib_mdd|x64.Build.0 = v141_lib_mdd|x64
		{36A55807-50A6-40F4-A0F6-180A72AE9B26}.v141_lib_mt|Win32.ActiveCfg = v141_lib_mt|Win32
		{36A55807-50A6-40F4-A0F6-180A72AE9B26}.v141_lib_mt|Win32.Build.0 = v141_lib_mt|Win32
		{36A55807-50A6-40F4-A0F6-180A72AE9B26}.v141_lib_mt|x64.ActiveCfg = v141_lib_mt|x64
		{36A55807-50A6-40F4-A0F6-180A72AE9B26}.v141_lib_mt|x64.Build.0 = v141_lib_mt|x64
		{36A55807-50A6-40F4-A0F6-180A72AE9B26}.v141_lib_mtd|Win32.ActiveCfg = v141_lib_mtd|Win32
		{36A55807-50A6-40F4-A0F6-180A72AE9B26}.v141_lib_mtd|Win32.Build.0 = v141_lib_mtd|Win32
		{36A55807-50A6-40F4-A0F6-180A72AE9B26}.v141_lib_mtd|x64.ActiveCfg = v141_lib_mtd|x64
		{36A55807-50A6-40F4-A0F6-180A72AE9B26}.v141_lib_mtd|x64.Build.0 = v141_lib_mtd|x64
		{B5124064-8952-4F93-AE7C-3C8B20F5054A}.v141_lib_md|Win32.ActiveCfg = v141_lib_md|Win32
		{B5124064-8952-4F93-AE7C-3C8B20F5054A}.v141_lib_md|Win32.Build.0 = v141_lib_md|Win32
		{B5124064-8952-4F93-AE7C-3C8B20F5054A}.v141_lib_md|x64.ActiveCfg = v141_lib_md|Win32
		{B5124064-8952-4F93-AE7C-3C8B20F5054A}.v141_lib_mdd|Win32.ActiveCfg = v141_lib_mdd|Win32
		{B5124064-8952-4F93-AE7C-3C8B20F5054A}.v141_lib_mdd|Win32.Build.0 = v141_lib_mdd|Win32
		{B5124064-8952-4F93-AE7C-3C8B20F5054A}.v141_lib_mdd|x64.ActiveCfg = v141_lib_mdd|Win32
		{B5124064-8952-4F93-AE7C-3C8B20F5054A}.v141_lib_mt|Win32.ActiveCfg = v141_lib_mt|Win32
		{B5124064-8952-4F93-AE7C-3C8B20F5054A}.v141_lib_mt|Win32.Build.0 = v141_lib_mt|Win32
		{B5124064-8952-4F93-AE7C-3C8B20F5054A}.v141_lib_mt|x64.ActiveCfg = v141_lib_mt|Win32
		{B5124064-8952-4F93-AE7C-3C8B20F5054A}.v141_lib_mtd|Win32.ActiveCfg = v141_lib_mtd|Win32
		{B5124064-8952-4F93-AE7C-3C8B20F5054A}.v141_lib_mtd|Win32.Build.0 = v141_lib_mtd|Win32
		{B5124064-8952-4F93-AE7C-3C8B20F5054A}.v141_lib_mtd|x64.ActiveCfg = v141_lib_mtd|Win32
		{F4035BBB-6F1B-4CBB-BBE7-C00DD007DDFF}.v141_lib_md|Win32.ActiveCfg = v141_lib_md|Win32
		{F4035BBB-6F1B-4CBB-BBE7-C00DD007DDFF}.v141_lib_md|Win32.Build.0 = v141_lib_md|Win32
		{F4035BBB-6F1B-4CBB-BBE7-C00DD007DDFF}.v141_lib_md|x64.ActiveCfg = v141_lib_md|Win32
		{F4035BBB-6F1B-4CBB-BBE7-C00DD007DDFF}.v141_lib_mdd|Win32.ActiveCfg = v141_lib_mdd|Win32
		{F4035BBB-6F1B-4CBB-BBE7-C00DD007DDFF}.v141_lib_mdd|Win32.Build.0 = v141_lib_mdd|Win32
		{F4035BBB-6F1B-4CBB-BBE7-C00DD007DDFF}.v141_lib_mdd|x64.ActiveCfg = v141_lib_mdd|Win32
		{F4035BBB-6F1B-4CBB-BBE7-C00DD007DDFF}.v141_lib_mt|Win32.ActiveCfg = v141_lib_mt|Win32
		{F4035BBB-6F1B-4CBB-BBE7-C00DD007DDFF}.v141_lib_mt|Win32.Build.0 = v141_lib_mt|Win32
		{F4035BBB-6F1B-4CBB-BBE7-C00DD007DDFF}.v141_lib_mt|x64.ActiveCfg = v141_lib_mt|Win32
		{F4035BBB-6F1B-4CBB-BBE7-C00DD007DDFF}.v141_lib_mtd|Win32.ActiveCfg = v141_lib_mtd|Win32
		{F4035BBB-6F1B-4CBB-BBE7-C00DD007DDFF}.v141_lib_mtd|Win32.Build.0 = v141_lib_mtd|Win32
		{F4035BBB-6F1B-4CBB-BBE7-C00DD007DDFF}.v141_lib_mtd|x64.ActiveCfg = v141_lib_mtd|Win32
		{81109685-6302-4604-9464-575480E4A52A}.v141_lib_md|Win32.ActiveCfg = v141_lib_md|Win32
		{81109685-6302-4604-9464-575480E4A52A}.v141_lib_md|Win32.Build.0 = v141_lib_md|Win32
		{81109685-6302-4604-9464-575480E4A52A}.v141_lib_md|x64.ActiveCfg = v141_lib_md|x64
		{81109685-6302-4604-9464-575480E4A52A}.v141_lib_md|x64.Build.0 = v141_lib_md|x64
		{81109685-6302-4604-9464-575480E4A52A}.v141_lib_mdd|Win32.ActiveCfg = v141_lib_mdd|Win32
		{81109685-6302-4604-9464-575480E4A52A}.v141_lib_mdd|Win32.Build.0 = v141_lib_mdd|Win32
		{81109685-6302-4604-9464-575480E4A52A}.v141_lib_mdd|x64.ActiveCfg = v141_lib_mdd|x64
		{81109685-6302-4604-9464-575480E4A52A}.v141_lib_mdd|x64.Build.0 = v141_lib_mdd|x64
		{81109685-6302-4604-9464-575480E4A52A}.v141_lib_mt|Win32.ActiveCfg = v141_lib_mt|Win32
		{81109685-6302-4604-9464-575480E4A52A}.v141_lib_mt|Win32.Build.0 = v141_lib_mt|Win32
		{81109685-6302-4604-9464-575480E4A52A}.v141_lib_mt|x64.ActiveCfg = v141_lib_mt|x64
		{81109685-6302-4604-9464-575480E4A52A}.v141_lib_mt|x64.Build.0 = v141_lib_mt|x64
		{81109685-6302-4604-9464-575480E4A52A}.v141_lib_mtd|Win32.ActiveCfg = v141_lib_mtd|Win32
		{81109685-6302-4604-9464-575480E4A52A}.v141_lib_mtd|Win32.Build.0 = v141_lib_mtd|Win32
		{81109685-6302-4604-9464-575480E4A52A}.v141_lib_mtd|x64.ActiveCfg = v141_lib_mtd|x64
		{81109685-6302-4604-9464-575480E4A52A}.v141_lib_mtd|x64.Build.0 = v141_lib_mtd|x64
		{2495E019-6DE7-491B-ACDA-2A0EE7487E5B}.v141_lib_md|Win32.ActiveCfg = v141_lib_md|Win32
		{2495E019-6DE7-491B-ACDA-2A0EE7487E5B}.v141_lib_md|Win32.Build.0 = v141_lib_md|Win32
		{2495E019-6DE7-491B-ACDA-2A0EE7487E5B}.v141_lib_md|x64.ActiveCfg = v141_lib_md|x64
		{2495E019-6DE7-491B-ACDA-2A0EE7487E5B}.v141_lib_md|x64.Build.0 = v141_lib_md|x64
		{2495E019-6DE7-491B-ACDA-2A0EE7487E5B}.v141_lib_mdd|Win32.ActiveCfg = v141_lib_mdd|Win32
		{2495E019-6DE7-491B-ACDA-2A0EE7487E5B}.v141_lib_mdd|Win32.Build.0 = v141_lib_mdd|Win32
		{2495E019-6DE7-491B-ACDA-2A0EE7487E5B}.v141_lib_mdd|x64.ActiveCfg = v141_lib_mdd|x64
		{2495E019-6DE7-491B-ACDA-2A0EE7487E5B}.v141_lib_mdd|x64.Build.0 = v141_lib_mdd|x64
		{2495E019-6DE7-491B-ACDA-2A0EE7487E5B}.v141_lib_mt|Win32.ActiveCfg = v141_lib_mt|Win32
		{2495E019-6DE7-491B-ACDA-2A0EE7487E5B}.v141_lib_mt|Win32.Build.0 = v141_lib_mt|Win32
		{2495E019-6DE7-491B-ACDA-2A0EE7487E5B}.v141_lib_mt|x64.ActiveCfg = v141_lib_mt|x64
		{2495E019-6DE7-491B-ACDA-2A0EE7487E5B}.v141_lib_mt|x64.Build.0 = v141_lib_mt|x64
		{2495E019-6DE7-491B-ACDA-2A0EE7487E5B}.v141_lib_mtd|Win32.ActiveCfg = v141_lib_mtd|Win32
		{2495E019-6DE7-491B-ACDA-2A0EE7487E5B}.v141_lib_mtd|Win32.Build.0 = v141_lib_mtd|Win32
		{2495E019-6DE7-491B-ACDA-2A0EE7487E5B}.v141_lib_mtd|x64.ActiveCfg = v141_lib_mtd|x64
		{2495E019-6DE7-491B-ACDA-2A0EE7487E5B}.v141_lib_mtd|x64.Build.0 = v141_lib_mtd|x64
		{0765F1AD-0FBB-46E2-BDD2-391F2FB5E3AF}.v141_lib_md|Win32.ActiveCfg = v141_lib_md|Win32
		{0765F1AD-0FBB-46E2-BDD2-391F2FB5E3AF}.v141_lib_md|Win32.Build.0 = v141_lib_md|Win32
		{0765F1AD-0FBB-46E2-BDD2-391F2FB5E3AF}.v141_lib_md|x64.ActiveCfg = v141_lib_md|x64
		{0765F1AD-0FBB-46E2-BDD2-391F2FB5E3AF}.v141_lib_md|x64.Build.0 = v141_lib_md|x64
		{0765F1AD-0FBB-46E2-BDD2-391F2FB5E3AF}.v141_lib_mdd|Win32.ActiveCfg = v141_lib_mdd|Win32
		{0765F1AD-0FBB-46E2-BDD2-391F2FB5E3AF}.v141_lib_mdd|Win32.Build.0 = v141_lib_mdd|Win32
		{0765F1AD-0FBB-46E2-BDD2-391F2FB5E3AF}.v141_lib_mdd|x64.ActiveCfg = v141_lib_mdd|x64
		{0765F1AD-0FBB-46E2-BDD2-391F2FB5E3AF}.v141_lib_mdd|x64.Build.0 = v141_lib_mdd|x64
		{0765F1AD-0FBB-46E2-BDD2-391F2FB5E3AF}.v141_lib_mt|Win32.ActiveCfg = v141_lib_mt|Win32
		{0765F1AD-0FBB-46E2-BDD2-391F2FB5E3AF}.v141_lib_mt|Win32.Build.0 = v141_lib_mt|Win32
		{0765F1AD-0FBB-46E2-BDD2-391F2FB5E3AF}.v141_lib_mt|x64.ActiveCfg = v141_lib_mt|x64
		{0765F1AD-0FBB-46E2-BDD2-391F2FB5E3AF}.v141_lib_mt|x64.Build.0 = v141_lib_mt|x64
		{0765F1AD-0FBB-46E2-BDD2-391F2FB5E3AF}.v141_lib_mtd|Win32.ActiveCfg = v141_lib_mtd|Win32
		{0765F1AD-0FBB-46E2-BDD2-391F2FB5E3AF}.v141_lib_mtd|Win32.Build.0 = v141_lib_mtd|Win32
		{0765F1AD-0FBB-46E2-BDD2-391F2FB5E3AF}.v141_lib_mtd|x64.ActiveCfg = v141_lib_mtd|x64
		{0765F1AD-0FBB-46E2-BDD2-391F2FB5E3AF}.v141_lib_mtd|x64.Build.0 = v141_lib_mtd|x64
		{2EEF2066-A9FA-3EBD-9242-0A4CDDAC1767}.v141_lib_md|Win32.ActiveCfg = v141_lib_md|Win32
		{2EEF2066-A9FA-3EBD-9242-0A4CDDAC1767}.v141_lib_md|Win32.Build.0 = v141_lib_md|Win32
		{2EEF2066-A9FA-3EBD-9242-0A4CDDAC1767}.v141_lib_md|x64.ActiveCfg = v141_lib_md|Win32
		{2EEF2066-A9FA-3EBD-9242-0A4CDDAC1767}.v141_lib_mdd|Win32.ActiveCfg = v141_lib_mdd|Win32
		{2EEF2066-A9FA-3EBD-9242-0A4CDDAC1767}.v141_lib_mdd|Win32.Build.0 = v141_lib_mdd|Win32
		{2EEF2066-A9FA-3EBD-9242-0A4CDDAC1767}.v141_lib_mdd|x64.ActiveCfg = v141_lib_mdd|Win32
		{2EEF2066-A9FA-3EBD-9242-0A4CDDAC1767}.v141_lib_mt|Win32.ActiveCfg = v141_lib_mt|Win32
		{2EEF2066-A9FA-3EBD-9242-0A4CDDAC1767}.v141_lib_mt|Win32.Build.0 = v141_lib_mt|Win32
		{2EEF2066-A9FA-3EBD-9242-0A4CDDAC1767}.v141_lib_mt|x64.ActiveCfg = v141_lib_mt|Win32
		{2EEF2066-A9FA-3EBD-9242-0A4CDDAC1767}.v141_lib_mtd|Win32.ActiveCfg = v141_lib_mtd|Win32
		{2EEF2066-A9FA-3EBD-9242-0A4CDDAC1767}.v141_lib_mtd|Win32.Build.0 = v141_lib_mtd|Win32
		{2EEF2066-A9FA-3EBD-9242-0A4CDDAC1767}.v141_lib_mtd|x64.ActiveCfg = v141_lib_mtd|Win32
		{DD3A25C0-04B6-3330-93BD-F154C88453B9}.v141_lib_md|Win32.ActiveCfg = v141_lib_md|Win32
		{DD3A25C0-04B6-3330-93BD-F154C88453B9}.v141_lib_md|Win32.Build.0 = v141_lib_md|Win32
		{DD3A25C0-04B6-3330-93BD-F154C88453B9}.v141_lib_md|x64.ActiveCfg = v141_lib_md|Win32
		{DD3A25C0-04B6-3330-93BD-F154C88453B9}.v141_lib_mdd|Win32.ActiveCfg = v141_lib_mdd|Win32
		{DD3A25C0-04B6-3330-93BD-F154C88453B9}.v141_lib_mdd|Win32.Build.0 = v141_lib_mdd|Win32
		{DD3A25C0-04B6-3330-93BD-F154C88453B9}.v141_lib_mdd|x64.ActiveCfg = v141_lib_mdd|Win32
		{DD3A25C0-04B6-3330-93BD-F154C88453B9}.v141_lib_mt|Win32.ActiveCfg = v141_lib_mt|Win32
		{DD3A25C0-04B6-3330-93BD-F154C88453B9}.v141_lib_mt|Win32.Build.0 = v141_lib_mt|Win32
		{DD3A25C0-04B6-3330-93BD-F154C88453B9}.v141_lib_mt|x64.ActiveCfg = v141_lib_mt|Win32
		{DD3A25C0-04B6-3330-93BD-F154C88453B9}.v141_lib_mtd|Win32.ActiveCfg = v141_lib_mtd|Win32
		{DD3A25C0-04B6-3330-93BD-F154C88453B9}.v141_lib_mtd|Win32.Build.0 = v141_lib_mtd|Win32
		{DD3A25C0-04B6-3330-93BD-F154C88453B9}.v141_lib_mtd|x64.ActiveCfg = v141_lib_mtd|Win32
	EndGlobalSection
	GlobalSection(SolutionProperties) = preSolution
		HideSolutionNode = FALSE
	EndGlobalSection
	GlobalSection(NestedProjects) = preSolution
		{ED29E9B1-1EF3-4D66-B339-9AD2B63E0B2D} = {98B7AE79-2DB4-4551-BD4C-1EC3A988C99B}
		{7353768E-294A-4E93-8A13-9D5B6463713F} = {98B7AE79-2DB4-4551-BD4C-1EC3A988C99B}
		{28FD3C4E-78BD-4BDA-B564-EE77659601E8} = {5D200E68-BED3-47E7-A88F-C335C1D35E11}
		{36A55807-50A6-40F4-A0F6-180A72AE9B26} = {5D200E68-BED3-47E7-A88F-C335C1D35E11}
		{B5124064-8952-4F93-AE7C-3C8B20F5054A} = {98B7AE79-2DB4-4551-BD4C-1EC3A988C99B}
		{F4035BBB-6F1B-4CBB-BBE7-C00DD007DDFF} = {98B7AE79-2DB4-4551-BD4C-1EC3A988C99B}
		{81109685-6302-4604-9464-575480E4A52A} = {98B7AE79-2DB4-4551-BD4C-1EC3A988C99B}
		{2495E019-6DE7-491B-ACDA-2A0EE7487E5B} = {89B9696A-EA1B-4E30-93D2-1B2B66CB08CD}
		{0765F1AD-0FBB-46E2-BDD2-391F2FB5E3AF} = {89B9696A-EA1B-4E30-93D2-1B2B66CB08CD}
		{2EEF2066-A9FA-3EBD-9242-0A4CDDAC1767} = {89B9696A-EA1B-4E30-93D2-1B2B66CB08CD}
		{DD3A25C0-04B6-3330-93BD-F154C88453B9} = {89B9696A-EA1B-4E30-93D2-1B2B66CB08CD}
	EndGlobalSection
	GlobalSection(ExtensibilityGlobals) = postSolution
		SolutionGuid = {487DAA32-5B22-43DC-AB0E-785666921B93}
	EndGlobalSection
EndGlobal
