<?xml version="1.0" encoding="utf-8"?>
<Project ToolsVersion="4.0" xmlns="http://schemas.microsoft.com/developer/msbuild/2003">
  <ItemGroup>
    <Filter Include="头文件">
      <UniqueIdentifier>{90232486-3fdf-4a04-af95-c935e411bfd4}</UniqueIdentifier>
    </Filter>
    <Filter Include="源文件">
      <UniqueIdentifier>{71e4548e-ad39-4173-a9e0-a7e4d8b0c5ce}</UniqueIdentifier>
    </Filter>
  </ItemGroup>
  <ItemGroup>
    <ClCompile Include="..\src\sqlogger\sqlog.cpp">
      <Filter>源文件</Filter>
    </ClCompile>
  </ItemGroup>
  <ItemGroup>
    <None Include="..\src\sqlogger\sqlog.def" />
    <None Include="..\src\sqlogger\sqlogd.def" />
  </ItemGroup>
  <ItemGroup>
    <ClInclude Include="resource.h" />
    <ClInclude Include="..\include\sqlog\sqlog.h">
      <Filter>头文件</Filter>
    </ClInclude>
    <ClInclude Include="..\include\sqlog\sqlogdef.h">
      <Filter>头文件</Filter>
    </ClInclude>
  </ItemGroup>
  <ItemGroup>
    <ResourceCompile Include="sqlog.rc" />
  </ItemGroup>
</Project>