<?xml version="1.0" encoding="utf-8"?>
<Project ToolsVersion="4.0" xmlns="http://schemas.microsoft.com/developer/msbuild/2003">
  <ItemGroup>
    <Filter Include="Source Files">
      <UniqueIdentifier>{4FC737F1-C7A5-4376-A066-2A32D752A2FF}</UniqueIdentifier>
      <Extensions>cpp;c;cc;cxx;def;odl;idl;hpj;bat;asm;asmx</Extensions>
    </Filter>
    <Filter Include="Header Files">
      <UniqueIdentifier>{93995380-89BD-4b04-88EB-625FBE52EBFB}</UniqueIdentifier>
      <Extensions>h;hpp;hxx;hm;inl;inc;xsd</Extensions>
    </Filter>
    <Filter Include="Source Files\jsoncpp">
      <UniqueIdentifier>{dbd61466-ec73-463a-914b-a3c500738b85}</UniqueIdentifier>
    </Filter>
  </ItemGroup>
  <ItemGroup>
    <ClInclude Include="..\include\sqstd\singleton.h">
      <Filter>Header Files</Filter>
    </ClInclude>
    <ClInclude Include="..\include\sqstd\sqassert.h">
      <Filter>Header Files</Filter>
    </ClInclude>
    <ClInclude Include="..\include\sqstd\sqecpt.h">
      <Filter>Header Files</Filter>
    </ClInclude>
    <ClInclude Include="..\include\sqstd\sqfmterror.h">
      <Filter>Header Files</Filter>
    </ClInclude>
    <ClInclude Include="..\include\sqstd\sqformat.h">
      <Filter>Header Files</Filter>
    </ClInclude>
    <ClInclude Include="..\include\sqstd\sqinc.h">
      <Filter>Header Files</Filter>
    </ClInclude>
    <ClInclude Include="..\include\sqstd\sqindex.h">
      <Filter>Header Files</Filter>
    </ClInclude>
    <ClInclude Include="..\include\sqstd\sqini.h">
      <Filter>Header Files</Filter>
    </ClInclude>
    <ClInclude Include="..\include\sqstd\sqjsonconf.h">
      <Filter>Header Files</Filter>
    </ClInclude>
    <ClInclude Include="..\include\sqstd\sqpool.h">
      <Filter>Header Files</Filter>
    </ClInclude>
    <ClInclude Include="..\include\sqstd\sqraii.h">
      <Filter>Header Files</Filter>
    </ClInclude>
    <ClInclude Include="..\include\sqstd\sqrwlock.h">
      <Filter>Header Files</Filter>
    </ClInclude>
    <ClInclude Include="..\include\sqstd\sqsafemap.h">
      <Filter>Header Files</Filter>
    </ClInclude>
    <ClInclude Include="..\include\sqstd\sqsafeset.h">
      <Filter>Header Files</Filter>
    </ClInclude>
    <ClInclude Include="..\include\sqstd\sqservicectrl.h">
      <Filter>Header Files</Filter>
    </ClInclude>
    <ClInclude Include="..\include\sqstd\sqshrmem.h">
      <Filter>Header Files</Filter>
    </ClInclude>
    <ClInclude Include="..\include\sqstd\sqshrmemhelper.h">
      <Filter>Header Files</Filter>
    </ClInclude>
    <ClInclude Include="..\include\sqstd\sqshrmemhelperex.h">
      <Filter>Header Files</Filter>
    </ClInclude>
    <ClInclude Include="..\include\sqstd\sqsingleton.h">
      <Filter>Header Files</Filter>
    </ClInclude>
    <ClInclude Include="..\include\sqstd\sqstringhelper.h">
      <Filter>Header Files</Filter>
    </ClInclude>
    <ClInclude Include="..\include\sqstd\sqsysfun.h">
      <Filter>Header Files</Filter>
    </ClInclude>
    <ClInclude Include="..\include\sqstd\sqtaskpool.h">
      <Filter>Header Files</Filter>
    </ClInclude>
    <ClInclude Include="..\include\sqstd\sqtaskqueue.h">
      <Filter>Header Files</Filter>
    </ClInclude>
    <ClInclude Include="..\include\sqstd\sqtasksyncthread.h">
      <Filter>Header Files</Filter>
    </ClInclude>
    <ClInclude Include="..\include\sqstd\sqtaskthread.h">
      <Filter>Header Files</Filter>
    </ClInclude>
    <ClInclude Include="..\include\sqstd\sqtime.h">
      <Filter>Header Files</Filter>
    </ClInclude>
    <ClInclude Include="..\include\sqstd\sqtimerqueue.h">
      <Filter>Header Files</Filter>
    </ClInclude>
    <ClInclude Include="..\include\sqstd\sqtimertaskthread.h">
      <Filter>Header Files</Filter>
    </ClInclude>
    <ClInclude Include="..\include\sqstd\sqtimerthread.h">
      <Filter>Header Files</Filter>
    </ClInclude>
    <ClInclude Include="..\include\sqstd\sqtypes.h">
      <Filter>Header Files</Filter>
    </ClInclude>
    <ClInclude Include="..\include\sqstd\squeue.h">
      <Filter>Header Files</Filter>
    </ClInclude>
    <ClInclude Include="..\include\sqstd\sqzip.h">
      <Filter>Header Files</Filter>
    </ClInclude>
    <ClInclude Include="..\include\sqstd\winsechelper.h">
      <Filter>Header Files</Filter>
    </ClInclude>
    <ClInclude Include="..\src\sqstd\cmlog.h">
      <Filter>Source Files</Filter>
    </ClInclude>
    <ClInclude Include="..\include\sqstd\sqconvert.h">
      <Filter>Header Files</Filter>
    </ClInclude>
    <ClInclude Include="..\include\sqstd\sqvecbuffhelper.h">
      <Filter>Header Files</Filter>
    </ClInclude>
    <ClInclude Include="..\include\sqstd\PieceWrite.h">
      <Filter>Header Files</Filter>
    </ClInclude>
  </ItemGroup>
  <ItemGroup>
    <ClCompile Include="..\src\sqstd\dummy.cc">
      <Filter>Source Files</Filter>
    </ClCompile>
    <ClCompile Include="..\src\sqstd\sqini.cpp">
      <Filter>Source Files</Filter>
    </ClCompile>
    <ClCompile Include="..\src\sqstd\sqjsonconf.cpp">
      <Filter>Source Files</Filter>
    </ClCompile>
    <ClCompile Include="..\src\sqstd\sqrwlock.cpp">
      <Filter>Source Files</Filter>
    </ClCompile>
    <ClCompile Include="..\src\sqstd\sqstringhelper.cpp">
      <Filter>Source Files</Filter>
    </ClCompile>
    <ClCompile Include="..\src\sqstd\sqtaskpool.cpp">
      <Filter>Source Files</Filter>
    </ClCompile>
    <ClCompile Include="..\src\sqstd\sysfun.cpp">
      <Filter>Source Files</Filter>
    </ClCompile>
    <ClCompile Include="..\src\sqstd\sqfilerw.cpp">
      <Filter>Source Files</Filter>
    </ClCompile>
    <ClCompile Include="..\src\sqstd\sqzip.cpp">
      <Filter>Source Files</Filter>
    </ClCompile>
    <ClCompile Include="..\src\sqstd\jsoncpp\json_reader.cpp">
      <Filter>Source Files\jsoncpp</Filter>
    </ClCompile>
    <ClCompile Include="..\src\sqstd\jsoncpp\json_value.cpp">
      <Filter>Source Files\jsoncpp</Filter>
    </ClCompile>
    <ClCompile Include="..\src\sqstd\jsoncpp\json_writer.cpp">
      <Filter>Source Files\jsoncpp</Filter>
    </ClCompile>
    <ClCompile Include="..\src\sqstd\sqformat.cpp">
      <Filter>Source Files</Filter>
    </ClCompile>
    <ClCompile Include="..\src\sqstd\sqtimerqueue.cpp">
      <Filter>Source Files</Filter>
    </ClCompile>
    <ClCompile Include="..\src\sqstd\sqconvert.cpp">
      <Filter>Source Files</Filter>
    </ClCompile>
    <ClCompile Include="..\src\sqstd\PieceWrite.cpp">
      <Filter>Source Files</Filter>
    </ClCompile>
  </ItemGroup>
</Project>