Microsoft Visual Studio Solution File, Format Version 12.00
# Visual Studio 15
VisualStudioVersion = 15.0.28307.106
MinimumVisualStudioVersion = 10.0.40219.1
Project("{2150E333-8FDC-42A3-9474-1A3956D46DE8}") = "components", "components", "{7E3A1493-014C-436A-8A0B-FD579ADA6531}"
EndProject
Project("{2150E333-8FDC-42A3-9474-1A3956D46DE8}") = "third-part", "third-part", "{DAD1DC0E-CD4D-4D50-944F-3345541043CC}"
EndProject
Project("{2150E333-8FDC-42A3-9474-1A3956D46DE8}") = "imgdecoder", "imgdecoder", "{E22EC8FD-71BB-4904-B623-F9C9A7E805BD}"
EndProject
Project("{2150E333-8FDC-42A3-9474-1A3956D46DE8}") = "render", "render", "{F1E33A5E-A347-40F8-A34A-5EB534D84C77}"
EndProject
Project("{8BC9CEB8-8B4A-11D0-8D11-00A0C91BC942}") = "png", "third-part\png\png.vcxproj", "{70DF9119-E171-3EAC-90BD-D844577CBF15}"
EndProject
Project("{8BC9CEB8-8B4A-11D0-8D11-00A0C91BC942}") = "skia", "third-part\skia\skia.vcxproj", "{FD0B837B-0C5D-3A8F-9E96-5726231B7211}"
EndProject
Project("{8BC9CEB8-8B4A-11D0-8D11-00A0C91BC942}") = "zlib", "third-part\zlib\zlib.vcxproj", "{C0C618DD-D790-3D3F-A06A-2E5CBA2B2F2E}"
EndProject
Project("{8BC9CEB8-8B4A-11D0-8D11-00A0C91BC942}") = "lua-52", "third-part\lua-52\lua-52.vcxproj", "{C61FBE81-669D-36D2-B56D-AE6D8752DC39}"
EndProject
Project("{8BC9CEB8-8B4A-11D0-8D11-00A0C91BC942}") = "smiley", "third-part\smiley\smiley.vcxproj", "{AF6A7E56-E412-302E-ADA7-066FE61C80CD}"
EndProject
Project("{8BC9CEB8-8B4A-11D0-8D11-00A0C91BC942}") = "mhook", "third-part\mhook\mhook.vcxproj", "{96954A2E-CEE8-38BB-A476-71E1E8897FC6}"
EndProject
Project("{8BC9CEB8-8B4A-11D0-8D11-00A0C91BC942}") = "utilities", "utilities\utilities.vcxproj", "{37DE703E-9349-3B3D-8462-BA4A1E1BBFCA}"
EndProject
Project("{8BC9CEB8-8B4A-11D0-8D11-00A0C91BC942}") = "soui", "SOUI\soui.vcxproj", "{3142EB88-0071-3141-8E39-42365457AF03}"
EndProject
Project("{8BC9CEB8-8B4A-11D0-8D11-00A0C91BC942}") = "imgdecoder-wic", "components\imgdecoder-wic\imgdecoder-wic.vcxproj", "{246A9B17-C110-3FC0-9617-289A9D1B1937}"
EndProject
Project("{8BC9CEB8-8B4A-11D0-8D11-00A0C91BC942}") = "render-gdi", "components\render-gdi\render-gdi.vcxproj", "{0A95D2F5-81CF-36FD-9653-9356D4D8974A}"
EndProject
Project("{8BC9CEB8-8B4A-11D0-8D11-00A0C91BC942}") = "render-skia", "components\render-skia\render-skia.vcxproj", "{48746C6E-B8A6-39BC-9149-79FF3E32B718}"
EndProject
Project("{8BC9CEB8-8B4A-11D0-8D11-00A0C91BC942}") = "translator", "components\translator\translator.vcxproj", "{9F31D665-4008-388B-B513-458599117EE4}"
EndProject
Project("{8BC9CEB8-8B4A-11D0-8D11-00A0C91BC942}") = "resprovider-zip", "components\resprovider-zip\resprovider-zip.vcxproj", "{F9070D9A-8209-3C94-83D7-FDC38EC69495}"
EndProject
Project("{8BC9CEB8-8B4A-11D0-8D11-00A0C91BC942}") = "imgdecoder-stb", "components\imgdecoder-stb\imgdecoder-stb.vcxproj", "{9124605F-BA70-39A5-B328-D3E0AB8394B9}"
EndProject
Project("{8BC9CEB8-8B4A-11D0-8D11-00A0C91BC942}") = "imgdecoder-png", "components\imgdecoder-png\imgdecoder-png.vcxproj", "{23906275-83F9-334F-8C01-223457796F71}"
EndProject
Project("{8BC9CEB8-8B4A-11D0-8D11-00A0C91BC942}") = "imgdecoder-gdip", "components\imgdecoder-gdip\imgdecoder-gdip.vcxproj", "{D961AEEF-FB0D-3127-9958-AD12584FEE40}"
EndProject
Project("{8BC9CEB8-8B4A-11D0-8D11-00A0C91BC942}") = "scriptmodule-lua", "components\ScriptModule-LUA\scriptmodule-lua.vcxproj", "{2C066C58-C598-3598-B42E-5930C429294D}"
EndProject
Project("{8BC9CEB8-8B4A-11D0-8D11-00A0C91BC942}") = "log4z", "components\log4z\log4z.vcxproj", "{11764333-7133-361D-A4D1-713B0A0B8842}"
EndProject
Project("{8BC9CEB8-8B4A-11D0-8D11-00A0C91BC942}") = "demo", "demo\demo.vcxproj", "{11DC0DEC-161B-3B92-BF38-7E08DE8B4A41}"
EndProject
Project("{8BC9CEB8-8B4A-11D0-8D11-00A0C91BC942}") = "gtest", "third-part\gtest\gtest.vcxproj", "{604242E0-34FB-3F34-A5CF-0236582184C1}"
EndProject
Project("{8BC9CEB8-8B4A-11D0-8D11-00A0C91BC942}") = "7z", "third-part\7z\7z.vcxproj", "{26F48E3D-FD30-30BA-B450-C448DE4FBC9E}"
EndProject
Project("{8BC9CEB8-8B4A-11D0-8D11-00A0C91BC942}") = "resprovider-7zip", "components\resprovider-7zip\resprovider-7zip.vcxproj", "{A7B2F3C9-B7A2-3C5F-9C8E-190F816D089F}"
EndProject
Project("{8BC9CEB8-8B4A-11D0-8D11-00A0C91BC942}") = "soui-sys-resource", "soui-sys-resource\soui-sys-resource.vcxproj", "{C783A0BF-9380-3AA3-BF8A-8C25B4F75EC8}"
EndProject
Project("{8BC9CEB8-8B4A-11D0-8D11-00A0C91BC942}") = "scintilla", "third-part\Scintilla\scintilla.vcxproj", "{8E488E28-CB5B-3132-B76D-EA3B931AF3BE}"
EndProject
Project("{8BC9CEB8-8B4A-11D0-8D11-00A0C91BC942}") = "jsoncpp", "third-part\jsoncpp\jsoncpp.vcxproj", "{F6840562-F985-39FB-8E10-1305BE60EB80}"
EndProject
Project("{8BC9CEB8-8B4A-11D0-8D11-00A0C91BC942}") = "TaskLoop", "components\TaskLoop\TaskLoop.vcxproj", "{226ABB73-A763-3183-ACB4-851544028050}"
EndProject
Global
	GlobalSection(SolutionConfigurationPlatforms) = preSolution
		Debug|Win32 = Debug|Win32
		Release|Win32 = Release|Win32
	EndGlobalSection
	GlobalSection(ProjectConfigurationPlatforms) = postSolution
		{70DF9119-E171-3EAC-90BD-D844577CBF15}.Debug|Win32.ActiveCfg = Debug|Win32
		{70DF9119-E171-3EAC-90BD-D844577CBF15}.Debug|Win32.Build.0 = Debug|Win32
		{70DF9119-E171-3EAC-90BD-D844577CBF15}.Release|Win32.ActiveCfg = Release|Win32
		{70DF9119-E171-3EAC-90BD-D844577CBF15}.Release|Win32.Build.0 = Release|Win32
		{FD0B837B-0C5D-3A8F-9E96-5726231B7211}.Debug|Win32.ActiveCfg = Debug|Win32
		{FD0B837B-0C5D-3A8F-9E96-5726231B7211}.Debug|Win32.Build.0 = Debug|Win32
		{FD0B837B-0C5D-3A8F-9E96-5726231B7211}.Release|Win32.ActiveCfg = Release|Win32
		{FD0B837B-0C5D-3A8F-9E96-5726231B7211}.Release|Win32.Build.0 = Release|Win32
		{C0C618DD-D790-3D3F-A06A-2E5CBA2B2F2E}.Debug|Win32.ActiveCfg = Debug|Win32
		{C0C618DD-D790-3D3F-A06A-2E5CBA2B2F2E}.Debug|Win32.Build.0 = Debug|Win32
		{C0C618DD-D790-3D3F-A06A-2E5CBA2B2F2E}.Release|Win32.ActiveCfg = Release|Win32
		{C0C618DD-D790-3D3F-A06A-2E5CBA2B2F2E}.Release|Win32.Build.0 = Release|Win32
		{C61FBE81-669D-36D2-B56D-AE6D8752DC39}.Debug|Win32.ActiveCfg = Debug|Win32
		{C61FBE81-669D-36D2-B56D-AE6D8752DC39}.Debug|Win32.Build.0 = Debug|Win32
		{C61FBE81-669D-36D2-B56D-AE6D8752DC39}.Release|Win32.ActiveCfg = Release|Win32
		{C61FBE81-669D-36D2-B56D-AE6D8752DC39}.Release|Win32.Build.0 = Release|Win32
		{AF6A7E56-E412-302E-ADA7-066FE61C80CD}.Debug|Win32.ActiveCfg = Debug|Win32
		{AF6A7E56-E412-302E-ADA7-066FE61C80CD}.Debug|Win32.Build.0 = Debug|Win32
		{AF6A7E56-E412-302E-ADA7-066FE61C80CD}.Release|Win32.ActiveCfg = Release|Win32
		{AF6A7E56-E412-302E-ADA7-066FE61C80CD}.Release|Win32.Build.0 = Release|Win32
		{96954A2E-CEE8-38BB-A476-71E1E8897FC6}.Debug|Win32.ActiveCfg = Debug|Win32
		{96954A2E-CEE8-38BB-A476-71E1E8897FC6}.Debug|Win32.Build.0 = Debug|Win32
		{96954A2E-CEE8-38BB-A476-71E1E8897FC6}.Release|Win32.ActiveCfg = Release|Win32
		{96954A2E-CEE8-38BB-A476-71E1E8897FC6}.Release|Win32.Build.0 = Release|Win32
		{37DE703E-9349-3B3D-8462-BA4A1E1BBFCA}.Debug|Win32.ActiveCfg = Debug|Win32
		{37DE703E-9349-3B3D-8462-BA4A1E1BBFCA}.Debug|Win32.Build.0 = Debug|Win32
		{37DE703E-9349-3B3D-8462-BA4A1E1BBFCA}.Release|Win32.ActiveCfg = Release|Win32
		{37DE703E-9349-3B3D-8462-BA4A1E1BBFCA}.Release|Win32.Build.0 = Release|Win32
		{3142EB88-0071-3141-8E39-42365457AF03}.Debug|Win32.ActiveCfg = Debug|Win32
		{3142EB88-0071-3141-8E39-42365457AF03}.Debug|Win32.Build.0 = Debug|Win32
		{3142EB88-0071-3141-8E39-42365457AF03}.Release|Win32.ActiveCfg = Release|Win32
		{3142EB88-0071-3141-8E39-42365457AF03}.Release|Win32.Build.0 = Release|Win32
		{246A9B17-C110-3FC0-9617-289A9D1B1937}.Debug|Win32.ActiveCfg = Debug|Win32
		{246A9B17-C110-3FC0-9617-289A9D1B1937}.Debug|Win32.Build.0 = Debug|Win32
		{246A9B17-C110-3FC0-9617-289A9D1B1937}.Release|Win32.ActiveCfg = Release|Win32
		{246A9B17-C110-3FC0-9617-289A9D1B1937}.Release|Win32.Build.0 = Release|Win32
		{0A95D2F5-81CF-36FD-9653-9356D4D8974A}.Debug|Win32.ActiveCfg = Debug|Win32
		{0A95D2F5-81CF-36FD-9653-9356D4D8974A}.Debug|Win32.Build.0 = Debug|Win32
		{0A95D2F5-81CF-36FD-9653-9356D4D8974A}.Release|Win32.ActiveCfg = Release|Win32
		{0A95D2F5-81CF-36FD-9653-9356D4D8974A}.Release|Win32.Build.0 = Release|Win32
		{48746C6E-B8A6-39BC-9149-79FF3E32B718}.Debug|Win32.ActiveCfg = Debug|Win32
		{48746C6E-B8A6-39BC-9149-79FF3E32B718}.Debug|Win32.Build.0 = Debug|Win32
		{48746C6E-B8A6-39BC-9149-79FF3E32B718}.Release|Win32.ActiveCfg = Release|Win32
		{48746C6E-B8A6-39BC-9149-79FF3E32B718}.Release|Win32.Build.0 = Release|Win32
		{9F31D665-4008-388B-B513-458599117EE4}.Debug|Win32.ActiveCfg = Debug|Win32
		{9F31D665-4008-388B-B513-458599117EE4}.Debug|Win32.Build.0 = Debug|Win32
		{9F31D665-4008-388B-B513-458599117EE4}.Release|Win32.ActiveCfg = Release|Win32
		{9F31D665-4008-388B-B513-458599117EE4}.Release|Win32.Build.0 = Release|Win32
		{F9070D9A-8209-3C94-83D7-FDC38EC69495}.Debug|Win32.ActiveCfg = Debug|Win32
		{F9070D9A-8209-3C94-83D7-FDC38EC69495}.Debug|Win32.Build.0 = Debug|Win32
		{F9070D9A-8209-3C94-83D7-FDC38EC69495}.Release|Win32.ActiveCfg = Release|Win32
		{F9070D9A-8209-3C94-83D7-FDC38EC69495}.Release|Win32.Build.0 = Release|Win32
		{9124605F-BA70-39A5-B328-D3E0AB8394B9}.Debug|Win32.ActiveCfg = Debug|Win32
		{9124605F-BA70-39A5-B328-D3E0AB8394B9}.Debug|Win32.Build.0 = Debug|Win32
		{9124605F-BA70-39A5-B328-D3E0AB8394B9}.Release|Win32.ActiveCfg = Release|Win32
		{9124605F-BA70-39A5-B328-D3E0AB8394B9}.Release|Win32.Build.0 = Release|Win32
		{23906275-83F9-334F-8C01-223457796F71}.Debug|Win32.ActiveCfg = Debug|Win32
		{23906275-83F9-334F-8C01-223457796F71}.Debug|Win32.Build.0 = Debug|Win32
		{23906275-83F9-334F-8C01-223457796F71}.Release|Win32.ActiveCfg = Release|Win32
		{23906275-83F9-334F-8C01-223457796F71}.Release|Win32.Build.0 = Release|Win32
		{D961AEEF-FB0D-3127-9958-AD12584FEE40}.Debug|Win32.ActiveCfg = Debug|Win32
		{D961AEEF-FB0D-3127-9958-AD12584FEE40}.Debug|Win32.Build.0 = Debug|Win32
		{D961AEEF-FB0D-3127-9958-AD12584FEE40}.Release|Win32.ActiveCfg = Release|Win32
		{D961AEEF-FB0D-3127-9958-AD12584FEE40}.Release|Win32.Build.0 = Release|Win32
		{2C066C58-C598-3598-B42E-5930C429294D}.Debug|Win32.ActiveCfg = Debug|Win32
		{2C066C58-C598-3598-B42E-5930C429294D}.Debug|Win32.Build.0 = Debug|Win32
		{2C066C58-C598-3598-B42E-5930C429294D}.Release|Win32.ActiveCfg = Release|Win32
		{2C066C58-C598-3598-B42E-5930C429294D}.Release|Win32.Build.0 = Release|Win32
		{11764333-7133-361D-A4D1-713B0A0B8842}.Debug|Win32.ActiveCfg = Debug|Win32
		{11764333-7133-361D-A4D1-713B0A0B8842}.Debug|Win32.Build.0 = Debug|Win32
		{11764333-7133-361D-A4D1-713B0A0B8842}.Release|Win32.ActiveCfg = Release|Win32
		{11764333-7133-361D-A4D1-713B0A0B8842}.Release|Win32.Build.0 = Release|Win32
		{11DC0DEC-161B-3B92-BF38-7E08DE8B4A41}.Debug|Win32.ActiveCfg = Debug|Win32
		{11DC0DEC-161B-3B92-BF38-7E08DE8B4A41}.Debug|Win32.Build.0 = Debug|Win32
		{11DC0DEC-161B-3B92-BF38-7E08DE8B4A41}.Release|Win32.ActiveCfg = Release|Win32
		{11DC0DEC-161B-3B92-BF38-7E08DE8B4A41}.Release|Win32.Build.0 = Release|Win32
		{604242E0-34FB-3F34-A5CF-0236582184C1}.Debug|Win32.ActiveCfg = Debug|Win32
		{604242E0-34FB-3F34-A5CF-0236582184C1}.Debug|Win32.Build.0 = Debug|Win32
		{604242E0-34FB-3F34-A5CF-0236582184C1}.Release|Win32.ActiveCfg = Release|Win32
		{604242E0-34FB-3F34-A5CF-0236582184C1}.Release|Win32.Build.0 = Release|Win32
		{26F48E3D-FD30-30BA-B450-C448DE4FBC9E}.Debug|Win32.ActiveCfg = Debug|Win32
		{26F48E3D-FD30-30BA-B450-C448DE4FBC9E}.Debug|Win32.Build.0 = Debug|Win32
		{26F48E3D-FD30-30BA-B450-C448DE4FBC9E}.Release|Win32.ActiveCfg = Release|Win32
		{26F48E3D-FD30-30BA-B450-C448DE4FBC9E}.Release|Win32.Build.0 = Release|Win32
		{A7B2F3C9-B7A2-3C5F-9C8E-190F816D089F}.Debug|Win32.ActiveCfg = Debug|Win32
		{A7B2F3C9-B7A2-3C5F-9C8E-190F816D089F}.Debug|Win32.Build.0 = Debug|Win32
		{A7B2F3C9-B7A2-3C5F-9C8E-190F816D089F}.Release|Win32.ActiveCfg = Release|Win32
		{A7B2F3C9-B7A2-3C5F-9C8E-190F816D089F}.Release|Win32.Build.0 = Release|Win32
		{C783A0BF-9380-3AA3-BF8A-8C25B4F75EC8}.Debug|Win32.ActiveCfg = Debug|Win32
		{C783A0BF-9380-3AA3-BF8A-8C25B4F75EC8}.Debug|Win32.Build.0 = Debug|Win32
		{C783A0BF-9380-3AA3-BF8A-8C25B4F75EC8}.Release|Win32.ActiveCfg = Release|Win32
		{C783A0BF-9380-3AA3-BF8A-8C25B4F75EC8}.Release|Win32.Build.0 = Release|Win32
		{8E488E28-CB5B-3132-B76D-EA3B931AF3BE}.Debug|Win32.ActiveCfg = Debug|Win32
		{8E488E28-CB5B-3132-B76D-EA3B931AF3BE}.Debug|Win32.Build.0 = Debug|Win32
		{8E488E28-CB5B-3132-B76D-EA3B931AF3BE}.Release|Win32.ActiveCfg = Release|Win32
		{8E488E28-CB5B-3132-B76D-EA3B931AF3BE}.Release|Win32.Build.0 = Release|Win32
		{F6840562-F985-39FB-8E10-1305BE60EB80}.Debug|Win32.ActiveCfg = Debug|Win32
		{F6840562-F985-39FB-8E10-1305BE60EB80}.Debug|Win32.Build.0 = Debug|Win32
		{F6840562-F985-39FB-8E10-1305BE60EB80}.Release|Win32.ActiveCfg = Release|Win32
		{F6840562-F985-39FB-8E10-1305BE60EB80}.Release|Win32.Build.0 = Release|Win32
		{226ABB73-A763-3183-ACB4-851544028050}.Debug|Win32.ActiveCfg = Debug|Win32
		{226ABB73-A763-3183-ACB4-851544028050}.Debug|Win32.Build.0 = Debug|Win32
		{226ABB73-A763-3183-ACB4-851544028050}.Release|Win32.ActiveCfg = Release|Win32
		{226ABB73-A763-3183-ACB4-851544028050}.Release|Win32.Build.0 = Release|Win32
	EndGlobalSection
	GlobalSection(SolutionProperties) = preSolution
		HideSolutionNode = FALSE
	EndGlobalSection
	GlobalSection(NestedProjects) = preSolution
		{E22EC8FD-71BB-4904-B623-F9C9A7E805BD} = {7E3A1493-014C-436A-8A0B-FD579ADA6531}
		{F1E33A5E-A347-40F8-A34A-5EB534D84C77} = {7E3A1493-014C-436A-8A0B-FD579ADA6531}
		{70DF9119-E171-3EAC-90BD-D844577CBF15} = {DAD1DC0E-CD4D-4D50-944F-3345541043CC}
		{FD0B837B-0C5D-3A8F-9E96-5726231B7211} = {DAD1DC0E-CD4D-4D50-944F-3345541043CC}
		{C0C618DD-D790-3D3F-A06A-2E5CBA2B2F2E} = {DAD1DC0E-CD4D-4D50-944F-3345541043CC}
		{C61FBE81-669D-36D2-B56D-AE6D8752DC39} = {DAD1DC0E-CD4D-4D50-944F-3345541043CC}
		{AF6A7E56-E412-302E-ADA7-066FE61C80CD} = {DAD1DC0E-CD4D-4D50-944F-3345541043CC}
		{96954A2E-CEE8-38BB-A476-71E1E8897FC6} = {DAD1DC0E-CD4D-4D50-944F-3345541043CC}
		{246A9B17-C110-3FC0-9617-289A9D1B1937} = {E22EC8FD-71BB-4904-B623-F9C9A7E805BD}
		{0A95D2F5-81CF-36FD-9653-9356D4D8974A} = {F1E33A5E-A347-40F8-A34A-5EB534D84C77}
		{48746C6E-B8A6-39BC-9149-79FF3E32B718} = {F1E33A5E-A347-40F8-A34A-5EB534D84C77}
		{9F31D665-4008-388B-B513-458599117EE4} = {7E3A1493-014C-436A-8A0B-FD579ADA6531}
		{F9070D9A-8209-3C94-83D7-FDC38EC69495} = {7E3A1493-014C-436A-8A0B-FD579ADA6531}
		{9124605F-BA70-39A5-B328-D3E0AB8394B9} = {E22EC8FD-71BB-4904-B623-F9C9A7E805BD}
		{23906275-83F9-334F-8C01-223457796F71} = {E22EC8FD-71BB-4904-B623-F9C9A7E805BD}
		{D961AEEF-FB0D-3127-9958-AD12584FEE40} = {E22EC8FD-71BB-4904-B623-F9C9A7E805BD}
		{2C066C58-C598-3598-B42E-5930C429294D} = {7E3A1493-014C-436A-8A0B-FD579ADA6531}
		{11764333-7133-361D-A4D1-713B0A0B8842} = {7E3A1493-014C-436A-8A0B-FD579ADA6531}
		{604242E0-34FB-3F34-A5CF-0236582184C1} = {DAD1DC0E-CD4D-4D50-944F-3345541043CC}
		{26F48E3D-FD30-30BA-B450-C448DE4FBC9E} = {DAD1DC0E-CD4D-4D50-944F-3345541043CC}
		{A7B2F3C9-B7A2-3C5F-9C8E-190F816D089F} = {7E3A1493-014C-436A-8A0B-FD579ADA6531}
		{8E488E28-CB5B-3132-B76D-EA3B931AF3BE} = {DAD1DC0E-CD4D-4D50-944F-3345541043CC}
		{F6840562-F985-39FB-8E10-1305BE60EB80} = {DAD1DC0E-CD4D-4D50-944F-3345541043CC}
		{226ABB73-A763-3183-ACB4-851544028050} = {7E3A1493-014C-436A-8A0B-FD579ADA6531}
	EndGlobalSection
	GlobalSection(ExtensibilityGlobals) = postSolution
		SolutionGuid = {87F0880A-FD40-405E-A8FE-C181195246EF}
	EndGlobalSection
EndGlobal
