<?xml version="1.0" encoding="utf-8"?>
<Project ToolsVersion="4.0" xmlns="http://schemas.microsoft.com/developer/msbuild/2003">
  <ItemGroup>
    <Filter Include="Header Files">
      <UniqueIdentifier>{0dc2935d-a0d5-4850-b478-dcea3bee9c77}</UniqueIdentifier>
    </Filter>
    <Filter Include="Source Files">
      <UniqueIdentifier>{9c604e95-f768-4a3a-a47a-6feb602e8028}</UniqueIdentifier>
    </Filter>
    <Filter Include="Header Files\gif">
      <UniqueIdentifier>{40c8b2d6-5a1b-4af2-bfc1-5538b7ecb05e}</UniqueIdentifier>
    </Filter>
    <Filter Include="Source Files\gif">
      <UniqueIdentifier>{e7489eb1-173a-4c41-a62b-e122fd1c1f94}</UniqueIdentifier>
    </Filter>
  </ItemGroup>
  <ItemGroup>
    <ClCompile Include="ExtendCtrls.cpp">
      <Filter>Source Files</Filter>
    </ClCompile>
    <ClCompile Include="ExtendSkins.cpp">
      <Filter>Source Files</Filter>
    </ClCompile>
    <ClCompile Include="SButtonEx.cpp">
      <Filter>Source Files</Filter>
    </ClCompile>
    <ClCompile Include="SCalendar2.cpp">
      <Filter>Source Files</Filter>
    </ClCompile>
    <ClCompile Include="SChromeTabCtrl.cpp">
      <Filter>Source Files</Filter>
    </ClCompile>
    <ClCompile Include="SChatEdit.cpp">
      <Filter>Source Files</Filter>
    </ClCompile>
    <ClCompile Include="SDateTimeEdit.cpp">
      <Filter>Source Files</Filter>
    </ClCompile>
    <ClCompile Include="SDocHostUIHandler.cpp">
      <Filter>Source Files</Filter>
    </ClCompile>
    <ClCompile Include="SFadeFrame.cpp">
      <Filter>Source Files</Filter>
    </ClCompile>
    <ClCompile Include="SFreeMoveWindow.cpp">
      <Filter>Source Files</Filter>
    </ClCompile>
    <ClCompile Include="SImageEx.cpp">
      <Filter>Source Files</Filter>
    </ClCompile>
    <ClCompile Include="SIECtrl.cpp">
      <Filter>Source Files</Filter>
    </ClCompile>
    <ClCompile Include="SImageMaskWnd.cpp">
      <Filter>Source Files</Filter>
    </ClCompile>
    <ClCompile Include="SImagePlayer.cpp">
      <Filter>Source Files</Filter>
    </ClCompile>
    <ClCompile Include="SListboxex.cpp">
      <Filter>Source Files</Filter>
    </ClCompile>
    <ClCompile Include="SListCtrlEx.cpp">
      <Filter>Source Files</Filter>
    </ClCompile>
    <ClCompile Include="SRadioBox2.cpp">
      <Filter>Source Files</Filter>
    </ClCompile>
    <ClCompile Include="SRadioEx.cpp">
      <Filter>Source Files</Filter>
    </ClCompile>
    <ClCompile Include="SRatingBar.cpp">
      <Filter>Source Files</Filter>
    </ClCompile>
    <ClCompile Include="SScrollText.cpp">
      <Filter>Source Files</Filter>
    </ClCompile>
    <ClCompile Include="SSkinImgFrame3.cpp">
      <Filter>Source Files</Filter>
    </ClCompile>
    <ClCompile Include="SSkinMutiFrameImg.cpp">
      <Filter>Source Files</Filter>
    </ClCompile>
    <ClCompile Include="STabCtrl2.cpp">
      <Filter>Source Files</Filter>
    </ClCompile>
    <ClCompile Include="STurn3DView.cpp">
      <Filter>Source Files</Filter>
    </ClCompile>
    <ClCompile Include="TipWnd.cpp">
      <Filter>Source Files</Filter>
    </ClCompile>
    <ClCompile Include="gif\SGifPlayer.cpp">
      <Filter>Source Files\gif</Filter>
    </ClCompile>
    <ClCompile Include="gif\SSkinAPNG.cpp">
      <Filter>Source Files\gif</Filter>
    </ClCompile>
    <ClCompile Include="gif\SSkinGif.cpp">
      <Filter>Source Files\gif</Filter>
    </ClCompile>
  </ItemGroup>
  <ItemGroup>
    <ClInclude Include="ExtendCtrls.h">
      <Filter>Header Files</Filter>
    </ClInclude>
    <ClInclude Include="ExtendSkins.h">
      <Filter>Header Files</Filter>
    </ClInclude>
    <ClInclude Include="FileHelper.h">
      <Filter>Header Files</Filter>
    </ClInclude>
    <ClInclude Include="SAnimator.h">
      <Filter>Header Files</Filter>
    </ClInclude>
    <ClInclude Include="SButtonEx.h">
      <Filter>Header Files</Filter>
    </ClInclude>
    <ClInclude Include="SAnimImg.h">
      <Filter>Header Files</Filter>
    </ClInclude>
    <ClInclude Include="SCalendar2.h">
      <Filter>Header Files</Filter>
    </ClInclude>
    <ClInclude Include="reg.h">
      <Filter>Header Files</Filter>
    </ClInclude>
    <ClInclude Include="SChatEdit.h">
      <Filter>Header Files</Filter>
    </ClInclude>
    <ClInclude Include="SChromeTabCtrl.h">
      <Filter>Header Files</Filter>
    </ClInclude>
    <ClInclude Include="SDocHostUIHandler.h">
      <Filter>Header Files</Filter>
    </ClInclude>
    <ClInclude Include="SDateTimeEdit.h">
      <Filter>Header Files</Filter>
    </ClInclude>
    <ClInclude Include="SFadeFrame.h">
      <Filter>Header Files</Filter>
    </ClInclude>
    <ClInclude Include="SFreeMoveWindow.h">
      <Filter>Header Files</Filter>
    </ClInclude>
    <ClInclude Include="SIECtrl.h">
      <Filter>Header Files</Filter>
    </ClInclude>
    <ClInclude Include="SImageEx.h">
      <Filter>Header Files</Filter>
    </ClInclude>
    <ClInclude Include="SImageMaskWnd.h">
      <Filter>Header Files</Filter>
    </ClInclude>
    <ClInclude Include="SImagePlayer.h">
      <Filter>Header Files</Filter>
    </ClInclude>
    <ClInclude Include="SIPAddressCtrl.h">
      <Filter>Header Files</Filter>
    </ClInclude>
    <ClInclude Include="SItembox.h">
      <Filter>Header Files</Filter>
    </ClInclude>
    <ClInclude Include="SListboxex.h">
      <Filter>Header Files</Filter>
    </ClInclude>
    <ClInclude Include="SListCtrlEx.h">
      <Filter>Header Files</Filter>
    </ClInclude>
    <ClInclude Include="SRadioBox2.h">
      <Filter>Header Files</Filter>
    </ClInclude>
    <ClInclude Include="SRadioEx.h">
      <Filter>Header Files</Filter>
    </ClInclude>
    <ClInclude Include="SRatingBar.h">
      <Filter>Header Files</Filter>
    </ClInclude>
    <ClInclude Include="SRealWndHandler_Scintilla.h">
      <Filter>Header Files</Filter>
    </ClInclude>
    <ClInclude Include="SScrollText.h">
      <Filter>Header Files</Filter>
    </ClInclude>
    <ClInclude Include="SSkinImgFrame3.h">
      <Filter>Header Files</Filter>
    </ClInclude>
    <ClInclude Include="SSkinMutiFrameImg.h">
      <Filter>Header Files</Filter>
    </ClInclude>
    <ClInclude Include="SSkinNewScrollBar.h">
      <Filter>Header Files</Filter>
    </ClInclude>
    <ClInclude Include="STabCtrl2.h">
      <Filter>Header Files</Filter>
    </ClInclude>
    <ClInclude Include="SText.h">
      <Filter>Header Files</Filter>
    </ClInclude>
    <ClInclude Include="STreeBox.h">
      <Filter>Header Files</Filter>
    </ClInclude>
    <ClInclude Include="STurn3DView.h">
      <Filter>Header Files</Filter>
    </ClInclude>
    <ClInclude Include="SVscrollbar.h">
      <Filter>Header Files</Filter>
    </ClInclude>
    <ClInclude Include="SWkeWebkit.h">
      <Filter>Header Files</Filter>
    </ClInclude>
    <ClInclude Include="TipWnd.h">
      <Filter>Header Files</Filter>
    </ClInclude>
    <ClInclude Include="stdafx.h">
      <Filter>Header Files</Filter>
    </ClInclude>
    <ClInclude Include="gif\SAniImgFrame.h">
      <Filter>Header Files\gif</Filter>
    </ClInclude>
    <ClInclude Include="gif\SGifPlayer.h">
      <Filter>Header Files\gif</Filter>
    </ClInclude>
    <ClInclude Include="gif\SSkinAPNG.h">
      <Filter>Header Files\gif</Filter>
    </ClInclude>
    <ClInclude Include="gif\SSkinGif.h">
      <Filter>Header Files\gif</Filter>
    </ClInclude>
  </ItemGroup>
  <ItemGroup>
    <Text Include="readme.txt" />
  </ItemGroup>
</Project>